
Microsoft Visual Studio Solution File, Format Version 12.00
# Visual Studio 15
VisualStudioVersion = 15.0.26730.16
MinimumVisualStudioVersion = 10.0.40219.1
Project("{FAE04EC0-301F-11D3-BF4B-00C04F79EFBC}") = "BeerStore", "BeerStore\BeerStore.csproj", "{69B9E0E0-B04E-412E-A2C7-E6C663FD9AEE}"
EndProject
Global
	GlobalSection(SolutionConfigurationPlatforms) = preSolution
		Debug|Any CPU = Debug|Any CPU
		Release|Any CPU = Release|Any CPU
	EndGlobalSection
	GlobalSection(ProjectConfigurationPlatforms) = postSolution
		{69B9E0E0-B04E-412E-A2C7-E6C663FD9AEE}.Debug|Any CPU.ActiveCfg = Debug|Any CPU
		{69B9E0E0-B04E-412E-A2C7-E6C663FD9AEE}.Debug|Any CPU.Build.0 = Debug|Any CPU
		{69B9E0E0-B04E-412E-A2C7-E6C663FD9AEE}.Release|Any CPU.ActiveCfg = Release|Any CPU
		{69B9E0E0-B04E-412E-A2C7-E6C663FD9AEE}.Release|Any CPU.Build.0 = Release|Any CPU
	EndGlobalSection
	GlobalSection(SolutionProperties) = preSolution
		HideSolutionNode = FALSE
	EndGlobalSection
	GlobalSection(ExtensibilityGlobals) = postSolution
		SolutionGuid = {57782EE3-BE26-4033-B3B4-1F3DD0D02D6C}
	EndGlobalSection
EndGlobal
