
Microsoft Visual Studio Solution File, Format Version 12.00
# Visual Studio 15
VisualStudioVersion = 15.0.26730.16
MinimumVisualStudioVersion = 10.0.40219.1
Project("{9A19103F-16F7-4668-BE54-9A1E7A4F7556}") = "ByTheCake", "ByTheCake.csproj", "{FA7B44DA-9FB2-4C43-AE4C-A9ACE302A7FE}"
EndProject
Global
	GlobalSection(SolutionConfigurationPlatforms) = preSolution
		Debug|Any CPU = Debug|Any CPU
		Release|Any CPU = Release|Any CPU
	EndGlobalSection
	GlobalSection(ProjectConfigurationPlatforms) = postSolution
		{FA7B44DA-9FB2-4C43-AE4C-A9ACE302A7FE}.Debug|Any CPU.ActiveCfg = Debug|Any CPU
		{FA7B44DA-9FB2-4C43-AE4C-A9ACE302A7FE}.Debug|Any CPU.Build.0 = Debug|Any CPU
		{FA7B44DA-9FB2-4C43-AE4C-A9ACE302A7FE}.Release|Any CPU.ActiveCfg = Release|Any CPU
		{FA7B44DA-9FB2-4C43-AE4C-A9ACE302A7FE}.Release|Any CPU.Build.0 = Release|Any CPU
	EndGlobalSection
	GlobalSection(SolutionProperties) = preSolution
		HideSolutionNode = FALSE
	EndGlobalSection
	GlobalSection(ExtensibilityGlobals) = postSolution
		SolutionGuid = {1C6A9030-681F-41FB-AC4D-CFA5CE2C21D2}
	EndGlobalSection
EndGlobal
