
Microsoft Visual Studio Solution File, Format Version 12.00
# Visual Studio 15
VisualStudioVersion = 15.0.26730.16
MinimumVisualStudioVersion = 10.0.40219.1
Project("{9A19103F-16F7-4668-BE54-9A1E7A4F7556}") = "WebServer", "WebServer.csproj", "{26ADF383-FFF2-4BBB-AEFD-061DA098B9FC}"
EndProject
Global
	GlobalSection(SolutionConfigurationPlatforms) = preSolution
		Debug|Any CPU = Debug|Any CPU
		Release|Any CPU = Release|Any CPU
	EndGlobalSection
	GlobalSection(ProjectConfigurationPlatforms) = postSolution
		{26ADF383-FFF2-4BBB-AEFD-061DA098B9FC}.Debug|Any CPU.ActiveCfg = Debug|Any CPU
		{26ADF383-FFF2-4BBB-AEFD-061DA098B9FC}.Debug|Any CPU.Build.0 = Debug|Any CPU
		{26ADF383-FFF2-4BBB-AEFD-061DA098B9FC}.Release|Any CPU.ActiveCfg = Release|Any CPU
		{26ADF383-FFF2-4BBB-AEFD-061DA098B9FC}.Release|Any CPU.Build.0 = Release|Any CPU
	EndGlobalSection
	GlobalSection(SolutionProperties) = preSolution
		HideSolutionNode = FALSE
	EndGlobalSection
	GlobalSection(ExtensibilityGlobals) = postSolution
		SolutionGuid = {7DF14767-10A4-4457-9AD6-D4EF70935EC5}
	EndGlobalSection
EndGlobal
